
Microsoft Visual Studio Solution File, Format Version 12.00
# Visual Studio Version 17
VisualStudioVersion = 17.9.34622.214
MinimumVisualStudioVersion = 10.0.40219.1
Project("{FAE04EC0-301F-11D3-BF4B-00C04F79EFBC}") = "ASM.Server", "ASM.Server\ASM.Server.csproj", "{715132AA-1923-4CEE-9CA0-7C67E88D48AE}"
EndProject
Project("{54A90642-561A-4BB1-A94E-469ADEE60C69}") = "asm.client", "asm.client\asm.client.esproj", "{AD284C33-AFE2-47B8-92C9-BB4515BA5FDA}"
EndProject
Global
	GlobalSection(SolutionConfigurationPlatforms) = preSolution
		Debug|Any CPU = Debug|Any CPU
		Release|Any CPU = Release|Any CPU
	EndGlobalSection
	GlobalSection(ProjectConfigurationPlatforms) = postSolution
		{715132AA-1923-4CEE-9CA0-7C67E88D48AE}.Debug|Any CPU.ActiveCfg = Debug|Any CPU
		{715132AA-1923-4CEE-9CA0-7C67E88D48AE}.Debug|Any CPU.Build.0 = Debug|Any CPU
		{715132AA-1923-4CEE-9CA0-7C67E88D48AE}.Release|Any CPU.ActiveCfg = Release|Any CPU
		{715132AA-1923-4CEE-9CA0-7C67E88D48AE}.Release|Any CPU.Build.0 = Release|Any CPU
		{AD284C33-AFE2-47B8-92C9-BB4515BA5FDA}.Debug|Any CPU.ActiveCfg = Debug|Any CPU
		{AD284C33-AFE2-47B8-92C9-BB4515BA5FDA}.Debug|Any CPU.Build.0 = Debug|Any CPU
		{AD284C33-AFE2-47B8-92C9-BB4515BA5FDA}.Debug|Any CPU.Deploy.0 = Debug|Any CPU
		{AD284C33-AFE2-47B8-92C9-BB4515BA5FDA}.Release|Any CPU.ActiveCfg = Release|Any CPU
		{AD284C33-AFE2-47B8-92C9-BB4515BA5FDA}.Release|Any CPU.Build.0 = Release|Any CPU
		{AD284C33-AFE2-47B8-92C9-BB4515BA5FDA}.Release|Any CPU.Deploy.0 = Release|Any CPU
	EndGlobalSection
	GlobalSection(SolutionProperties) = preSolution
		HideSolutionNode = FALSE
	EndGlobalSection
	GlobalSection(ExtensibilityGlobals) = postSolution
		SolutionGuid = {91C1A551-96D4-4489-A2A2-105337FF9F0B}
	EndGlobalSection
EndGlobal
